# This file is autogenerated, do not edit; changes may be undone by the next 'dep ensure'.


[[projects]]
  name = "github.com/pkg/errors"
  packages = ["."]
  revision = "645ef00459ed84a119197bfb8d8205042c6df63d"
  version = "v0.8.0"

[[projects]]
  branch = "master"
  name = "github.com/ungerik/go3d"
  packages = [
    "float64/generic",
    "float64/vec2"
  ]
  revision = "b765e791b61c6db0b9ff62072092d28395aeb106"

[solve-meta]
  analyzer-name = "dep"
  analyzer-version = 1
  inputs-digest = "54c385359cdb1bc39a7611bdc7a298849e202048b13088955f0e346b34273aa6"
  solver-name = "gps-cdcl"
  solver-version = 1
